
Microsoft Visual Studio Solution File, Format Version 12.00
# Visual Studio Version 17
VisualStudioVersion = 17.14.36301.6 d17.14
MinimumVisualStudioVersion = 10.0.40219.1
Project("{FAE04EC0-301F-11D3-BF4B-00C04F79EFBC}") = "Coliving.BlazorApp", "Coliving.BlazorApp.csproj", "{9B888286-D190-4908-94FC-553EDDC749A2}"
EndProject
Global
	GlobalSection(SolutionConfigurationPlatforms) = preSolution
		Debug|Any CPU = Debug|Any CPU
		Release|Any CPU = Release|Any CPU
	EndGlobalSection
	GlobalSection(ProjectConfigurationPlatforms) = postSolution
		{9B888286-D190-4908-94FC-553EDDC749A2}.Debug|Any CPU.ActiveCfg = Debug|Any CPU
		{9B888286-D190-4908-94FC-553EDDC749A2}.Debug|Any CPU.Build.0 = Debug|Any CPU
		{9B888286-D190-4908-94FC-553EDDC749A2}.Release|Any CPU.ActiveCfg = Release|Any CPU
		{9B888286-D190-4908-94FC-553EDDC749A2}.Release|Any CPU.Build.0 = Release|Any CPU
	EndGlobalSection
	GlobalSection(SolutionProperties) = preSolution
		HideSolutionNode = FALSE
	EndGlobalSection
	GlobalSection(ExtensibilityGlobals) = postSolution
		SolutionGuid = {FBB87552-F240-449E-A7E7-F6BBF9B3E49B}
	EndGlobalSection
EndGlobal
